// !$*UTF8*$!
{
	archiveVersion = 1;
	classes = {
	};
	objectVersion = 48;
	objects = {

/* Begin PBXBuildFile section */
		616B72B51FF8AF3800C942C0 /* AppDelegate.m in Sources */ = {isa = PBXBuildFile; fileRef = 616B72B41FF8AF3800C942C0 /* AppDelegate.m */; };
		616B72B81FF8AF3800C942C0 /* ViewController.m in Sources */ = {isa = PBXBuildFile; fileRef = 616B72B71FF8AF3800C942C0 /* ViewController.m */; };
		616B72BB1FF8AF3800C942C0 /* Main.storyboard in Resources */ = {isa = PBXBuildFile; fileRef = 616B72B91FF8AF3800C942C0 /* Main.storyboard */; };
		616B72BD1FF8AF3800C942C0 /* Assets.xcassets in Resources */ = {isa = PBXBuildFile; fileRef = 616B72BC1FF8AF3800C942C0 /* Assets.xcassets */; };
		616B72C01FF8AF3800C942C0 /* LaunchScreen.storyboard in Resources */ = {isa = PBXBuildFile; fileRef = 616B72BE1FF8AF3800C942C0 /* LaunchScreen.storyboard */; };
		616B72C31FF8AF3800C942C0 /* main.m in Sources */ = {isa = PBXBuildFile; fileRef = 616B72C21FF8AF3800C942C0 /* main.m */; };
		616B72CC1FF8AFA300C942C0 /* Chameleon.m in Sources */ = {isa = PBXBuildFile; fileRef = 616B72CB1FF8AFA300C942C0 /* Chameleon.m */; };
		616B72CF1FFC175A00C942C0 /* art.scnassets in Resources */ = {isa = PBXBuildFile; fileRef = 616B72CE1FFC175A00C942C0 /* art.scnassets */; };
		616B72D31FFC6DB300C942C0 /* ARSCNView+HPAdditions.m in Sources */ = {isa = PBXBuildFile; fileRef = 616B72D21FFC6DB300C942C0 /* ARSCNView+HPAdditions.m */; };
		616B72D61FFC761300C942C0 /* UIImage+HPAdditions.m in Sources */ = {isa = PBXBuildFile; fileRef = 616B72D51FFC761300C942C0 /* UIImage+HPAdditions.m */; };
/* End PBXBuildFile section */

/* Begin PBXFileReference section */
		616B72B01FF8AF3800C942C0 /* InteractiveContent.app */ = {isa = PBXFileReference; explicitFileType = wrapper.application; includeInIndex = 0; path = InteractiveContent.app; sourceTree = BUILT_PRODUCTS_DIR; };
		616B72B31FF8AF3800C942C0 /* AppDelegate.h */ = {isa = PBXFileReference; lastKnownFileType = sourcecode.c.h; path = AppDelegate.h; sourceTree = "<group>"; };
		616B72B41FF8AF3800C942C0 /* AppDelegate.m */ = {isa = PBXFileReference; lastKnownFileType = sourcecode.c.objc; path = AppDelegate.m; sourceTree = "<group>"; };
		616B72B61FF8AF3800C942C0 /* ViewController.h */ = {isa = PBXFileReference; lastKnownFileType = sourcecode.c.h; path = ViewController.h; sourceTree = "<group>"; };
		616B72B71FF8AF3800C942C0 /* ViewController.m */ = {isa = PBXFileReference; lastKnownFileType = sourcecode.c.objc; path = ViewController.m; sourceTree = "<group>"; };
		616B72BA1FF8AF3800C942C0 /* Base */ = {isa = PBXFileReference; lastKnownFileType = file.storyboard; name = Base; path = Base.lproj/Main.storyboard; sourceTree = "<group>"; };
		616B72BC1FF8AF3800C942C0 /* Assets.xcassets */ = {isa = PBXFileReference; lastKnownFileType = folder.assetcatalog; path = Assets.xcassets; sourceTree = "<group>"; };
		616B72BF1FF8AF3800C942C0 /* Base */ = {isa = PBXFileReference; lastKnownFileType = file.storyboard; name = Base; path = Base.lproj/LaunchScreen.storyboard; sourceTree = "<group>"; };
		616B72C11FF8AF3800C942C0 /* Info.plist */ = {isa = PBXFileReference; lastKnownFileType = text.plist.xml; path = Info.plist; sourceTree = "<group>"; };
		616B72C21FF8AF3800C942C0 /* main.m */ = {isa = PBXFileReference; lastKnownFileType = sourcecode.c.objc; path = main.m; sourceTree = "<group>"; };
		616B72CA1FF8AFA300C942C0 /* Chameleon.h */ = {isa = PBXFileReference; lastKnownFileType = sourcecode.c.h; path = Chameleon.h; sourceTree = "<group>"; };
		616B72CB1FF8AFA300C942C0 /* Chameleon.m */ = {isa = PBXFileReference; lastKnownFileType = sourcecode.c.objc; path = Chameleon.m; sourceTree = "<group>"; };
		616B72CE1FFC175A00C942C0 /* art.scnassets */ = {isa = PBXFileReference; lastKnownFileType = wrapper.scnassets; path = art.scnassets; sourceTree = "<group>"; };
		616B72D11FFC6DB300C942C0 /* ARSCNView+HPAdditions.h */ = {isa = PBXFileReference; lastKnownFileType = sourcecode.c.h; path = "ARSCNView+HPAdditions.h"; sourceTree = "<group>"; };
		616B72D21FFC6DB300C942C0 /* ARSCNView+HPAdditions.m */ = {isa = PBXFileReference; lastKnownFileType = sourcecode.c.objc; path = "ARSCNView+HPAdditions.m"; sourceTree = "<group>"; };
		616B72D41FFC761300C942C0 /* UIImage+HPAdditions.h */ = {isa = PBXFileReference; lastKnownFileType = sourcecode.c.h; path = "UIImage+HPAdditions.h"; sourceTree = "<group>"; };
		616B72D51FFC761300C942C0 /* UIImage+HPAdditions.m */ = {isa = PBXFileReference; lastKnownFileType = sourcecode.c.objc; path = "UIImage+HPAdditions.m"; sourceTree = "<group>"; };
/* End PBXFileReference section */

/* Begin PBXFrameworksBuildPhase section */
		616B72AD1FF8AF3800C942C0 /* Frameworks */ = {
			isa = PBXFrameworksBuildPhase;
			buildActionMask = 2147483647;
			files = (
			);
			runOnlyForDeploymentPostprocessing = 0;
		};
/* End PBXFrameworksBuildPhase section */

/* Begin PBXGroup section */
		616B72A71FF8AF3800C942C0 = {
			isa = PBXGroup;
			children = (
				616B72B21FF8AF3800C942C0 /* InteractiveContent */,
				616B72B11FF8AF3800C942C0 /* Products */,
			);
			sourceTree = "<group>";
		};
		616B72B11FF8AF3800C942C0 /* Products */ = {
			isa = PBXGroup;
			children = (
				616B72B01FF8AF3800C942C0 /* InteractiveContent.app */,
			);
			name = Products;
			sourceTree = "<group>";
		};
		616B72B21FF8AF3800C942C0 /* InteractiveContent */ = {
			isa = PBXGroup;
			children = (
				616B72B31FF8AF3800C942C0 /* AppDelegate.h */,
				616B72B41FF8AF3800C942C0 /* AppDelegate.m */,
				616B72B61FF8AF3800C942C0 /* ViewController.h */,
				616B72B71FF8AF3800C942C0 /* ViewController.m */,
				616B72B91FF8AF3800C942C0 /* Main.storyboard */,
				616B72BE1FF8AF3800C942C0 /* LaunchScreen.storyboard */,
				616B72C11FF8AF3800C942C0 /* Info.plist */,
				616B72C21FF8AF3800C942C0 /* main.m */,
				616B72CA1FF8AFA300C942C0 /* Chameleon.h */,
				616B72CB1FF8AFA300C942C0 /* Chameleon.m */,
				616B72D01FFC6C5600C942C0 /* Categories */,
				616B72C91FF8AF6800C942C0 /* Resources */,
			);
			path = InteractiveContent;
			sourceTree = "<group>";
		};
		616B72C91FF8AF6800C942C0 /* Resources */ = {
			isa = PBXGroup;
			children = (
				616B72CE1FFC175A00C942C0 /* art.scnassets */,
				616B72BC1FF8AF3800C942C0 /* Assets.xcassets */,
			);
			path = Resources;
			sourceTree = "<group>";
		};
		616B72D01FFC6C5600C942C0 /* Categories */ = {
			isa = PBXGroup;
			children = (
				616B72D11FFC6DB300C942C0 /* ARSCNView+HPAdditions.h */,
				616B72D21FFC6DB300C942C0 /* ARSCNView+HPAdditions.m */,
				616B72D41FFC761300C942C0 /* UIImage+HPAdditions.h */,
				616B72D51FFC761300C942C0 /* UIImage+HPAdditions.m */,
			);
			path = Categories;
			sourceTree = "<group>";
		};
/* End PBXGroup section */

/* Begin PBXNativeTarget section */
		616B72AF1FF8AF3800C942C0 /* InteractiveContent */ = {
			isa = PBXNativeTarget;
			buildConfigurationList = 616B72C61FF8AF3800C942C0 /* Build configuration list for PBXNativeTarget "InteractiveContent" */;
			buildPhases = (
				616B72AC1FF8AF3800C942C0 /* Sources */,
				616B72AD1FF8AF3800C942C0 /* Frameworks */,
				616B72AE1FF8AF3800C942C0 /* Resources */,
			);
			buildRules = (
			);
			dependencies = (
			);
			name = InteractiveContent;
			productName = InteractiveContent;
			productReference = 616B72B01FF8AF3800C942C0 /* InteractiveContent.app */;
			productType = "com.apple.product-type.application";
		};
/* End PBXNativeTarget section */

/* Begin PBXProject section */
		616B72A81FF8AF3800C942C0 /* Project object */ = {
			isa = PBXProject;
			attributes = {
				LastUpgradeCheck = 0920;
				ORGANIZATIONNAME = "Scott Rocca";
				TargetAttributes = {
					616B72AF1FF8AF3800C942C0 = {
						CreatedOnToolsVersion = 9.2;
						ProvisioningStyle = Automatic;
					};
				};
			};
			buildConfigurationList = 616B72AB1FF8AF3800C942C0 /* Build configuration list for PBXProject "InteractiveContent" */;
			compatibilityVersion = "Xcode 8.0";
			developmentRegion = en;
			hasScannedForEncodings = 0;
			knownRegions = (
				en,
				Base,
			);
			mainGroup = 616B72A71FF8AF3800C942C0;
			productRefGroup = 616B72B11FF8AF3800C942C0 /* Products */;
			projectDirPath = "";
			projectRoot = "";
			targets = (
				616B72AF1FF8AF3800C942C0 /* InteractiveContent */,
			);
		};
/* End PBXProject section */

/* Begin PBXResourcesBuildPhase section */
		616B72AE1FF8AF3800C942C0 /* Resources */ = {
			isa = PBXResourcesBuildPhase;
			buildActionMask = 2147483647;
			files = (
				616B72C01FF8AF3800C942C0 /* LaunchScreen.storyboard in Resources */,
				616B72CF1FFC175A00C942C0 /* art.scnassets in Resources */,
				616B72BD1FF8AF3800C942C0 /* Assets.xcassets in Resources */,
				616B72BB1FF8AF3800C942C0 /* Main.storyboard in Resources */,
			);
			runOnlyForDeploymentPostprocessing = 0;
		};
/* End PBXResourcesBuildPhase section */

/* Begin PBXSourcesBuildPhase section */
		616B72AC1FF8AF3800C942C0 /* Sources */ = {
			isa = PBXSourcesBuildPhase;
			buildActionMask = 2147483647;
			files = (
				616B72B81FF8AF3800C942C0 /* ViewController.m in Sources */,
				616B72C31FF8AF3800C942C0 /* main.m in Sources */,
				616B72CC1FF8AFA300C942C0 /* Chameleon.m in Sources */,
				616B72D61FFC761300C942C0 /* UIImage+HPAdditions.m in Sources */,
				616B72D31FFC6DB300C942C0 /* ARSCNView+HPAdditions.m in Sources */,
				616B72B51FF8AF3800C942C0 /* AppDelegate.m in Sources */,
			);
			runOnlyForDeploymentPostprocessing = 0;
		};
/* End PBXSourcesBuildPhase section */

/* Begin PBXVariantGroup section */
		616B72B91FF8AF3800C942C0 /* Main.storyboard */ = {
			isa = PBXVariantGroup;
			children = (
				616B72BA1FF8AF3800C942C0 /* Base */,
			);
			name = Main.storyboard;
			sourceTree = "<group>";
		};
		616B72BE1FF8AF3800C942C0 /* LaunchScreen.storyboard */ = {
			isa = PBXVariantGroup;
			children = (
				616B72BF1FF8AF3800C942C0 /* Base */,
			);
			name = LaunchScreen.storyboard;
			sourceTree = "<group>";
		};
/* End PBXVariantGroup section */

/* Begin XCBuildConfiguration section */
		616B72C41FF8AF3800C942C0 /* Debug */ = {
			isa = XCBuildConfiguration;
			buildSettings = {
				ALWAYS_SEARCH_USER_PATHS = NO;
				CLANG_ANALYZER_NONNULL = YES;
				CLANG_ANALYZER_NUMBER_OBJECT_CONVERSION = YES_AGGRESSIVE;
				CLANG_CXX_LANGUAGE_STANDARD = "gnu++14";
				CLANG_CXX_LIBRARY = "libc++";
				CLANG_ENABLE_MODULES = YES;
				CLANG_ENABLE_OBJC_ARC = YES;
				CLANG_WARN_BLOCK_CAPTURE_AUTORELEASING = YES;
				CLANG_WARN_BOOL_CONVERSION = YES;
				CLANG_WARN_COMMA = YES;
				CLANG_WARN_CONSTANT_CONVERSION = YES;
				CLANG_WARN_DIRECT_OBJC_ISA_USAGE = YES_ERROR;
				CLANG_WARN_DOCUMENTATION_COMMENTS = YES;
				CLANG_WARN_EMPTY_BODY = YES;
				CLANG_WARN_ENUM_CONVERSION = YES;
				CLANG_WARN_INFINITE_RECURSION = YES;
				CLANG_WARN_INT_CONVERSION = YES;
				CLANG_WARN_NON_LITERAL_NULL_CONVERSION = YES;
				CLANG_WARN_OBJC_LITERAL_CONVERSION = YES;
				CLANG_WARN_OBJC_ROOT_CLASS = YES_ERROR;
				CLANG_WARN_RANGE_LOOP_ANALYSIS = YES;
				CLANG_WARN_STRICT_PROTOTYPES = YES;
				CLANG_WARN_SUSPICIOUS_MOVE = YES;
				CLANG_WARN_UNGUARDED_AVAILABILITY = YES_AGGRESSIVE;
				CLANG_WARN_UNREACHABLE_CODE = YES;
				CLANG_WARN__DUPLICATE_METHOD_MATCH = YES;
				CODE_SIGN_IDENTITY = "iPhone Developer";
				COPY_PHASE_STRIP = NO;
				DEBUG_INFORMATION_FORMAT = dwarf;
				ENABLE_STRICT_OBJC_MSGSEND = YES;
				ENABLE_TESTABILITY = YES;
				GCC_C_LANGUAGE_STANDARD = gnu11;
				GCC_DYNAMIC_NO_PIC = NO;
				GCC_NO_COMMON_BLOCKS = YES;
				GCC_OPTIMIZATION_LEVEL = 0;
				GCC_PREPROCESSOR_DEFINITIONS = (
					"DEBUG=1",
					"$(inherited)",
				);
				GCC_WARN_64_TO_32_BIT_CONVERSION = YES;
				GCC_WARN_ABOUT_RETURN_TYPE = YES_ERROR;
				GCC_WARN_UNDECLARED_SELECTOR = YES;
				GCC_WARN_UNINITIALIZED_AUTOS = YES_AGGRESSIVE;
				GCC_WARN_UNUSED_FUNCTION = YES;
				GCC_WARN_UNUSED_VARIABLE = YES;
				IPHONEOS_DEPLOYMENT_TARGET = 11.2;
				MTL_ENABLE_DEBUG_INFO = YES;
				ONLY_ACTIVE_ARCH = YES;
				SDKROOT = iphoneos;
			};
			name = Debug;
		};
		616B72C51FF8AF3800C942C0 /* Release */ = {
			isa = XCBuildConfiguration;
			buildSettings = {
				ALWAYS_SEARCH_USER_PATHS = NO;
				CLANG_ANALYZER_NONNULL = YES;
				CLANG_ANALYZER_NUMBER_OBJECT_CONVERSION = YES_AGGRESSIVE;
				CLANG_CXX_LANGUAGE_STANDARD = "gnu++14";
				CLANG_CXX_LIBRARY = "libc++";
				CLANG_ENABLE_MODULES = YES;
				CLANG_ENABLE_OBJC_ARC = YES;
				CLANG_WARN_BLOCK_CAPTURE_AUTORELEASING = YES;
				CLANG_WARN_BOOL_CONVERSION = YES;
				CLANG_WARN_COMMA = YES;
				CLANG_WARN_CONSTANT_CONVERSION = YES;
				CLANG_WARN_DIRECT_OBJC_ISA_USAGE = YES_ERROR;
				CLANG_WARN_DOCUMENTATION_COMMENTS = YES;
				CLANG_WARN_EMPTY_BODY = YES;
				CLANG_WARN_ENUM_CONVERSION = YES;
				CLANG_WARN_INFINITE_RECURSION = YES;
				CLANG_WARN_INT_CONVERSION = YES;
				CLANG_WARN_NON_LITERAL_NULL_CONVERSION = YES;
				CLANG_WARN_OBJC_LITERAL_CONVERSION = YES;
				CLANG_WARN_OBJC_ROOT_CLASS = YES_ERROR;
				CLANG_WARN_RANGE_LOOP_ANALYSIS = YES;
				CLANG_WARN_STRICT_PROTOTYPES = YES;
				CLANG_WARN_SUSPICIOUS_MOVE = YES;
				CLANG_WARN_UNGUARDED_AVAILABILITY = YES_AGGRESSIVE;
				CLANG_WARN_UNREACHABLE_CODE = YES;
				CLANG_WARN__DUPLICATE_METHOD_MATCH = YES;
				CODE_SIGN_IDENTITY = "iPhone Developer";
				COPY_PHASE_STRIP = NO;
				DEBUG_INFORMATION_FORMAT = "dwarf-with-dsym";
				ENABLE_NS_ASSERTIONS = NO;
				ENABLE_STRICT_OBJC_MSGSEND = YES;
				GCC_C_LANGUAGE_STANDARD = gnu11;
				GCC_NO_COMMON_BLOCKS = YES;
				GCC_WARN_64_TO_32_BIT_CONVERSION = YES;
				GCC_WARN_ABOUT_RETURN_TYPE = YES_ERROR;
				GCC_WARN_UNDECLARED_SELECTOR = YES;
				GCC_WARN_UNINITIALIZED_AUTOS = YES_AGGRESSIVE;
				GCC_WARN_UNUSED_FUNCTION = YES;
				GCC_WARN_UNUSED_VARIABLE = YES;
				IPHONEOS_DEPLOYMENT_TARGET = 11.2;
				MTL_ENABLE_DEBUG_INFO = NO;
				SDKROOT = iphoneos;
				VALIDATE_PRODUCT = YES;
			};
			name = Release;
		};
		616B72C71FF8AF3800C942C0 /* Debug */ = {
			isa = XCBuildConfiguration;
			buildSettings = {
				ASSETCATALOG_COMPILER_APPICON_NAME = AppIcon;
				CODE_SIGN_STYLE = Automatic;
				DEVELOPMENT_TEAM = RDX7MBKEQ8;
				INFOPLIST_FILE = InteractiveContent/Info.plist;
				LD_RUNPATH_SEARCH_PATHS = "$(inherited) @executable_path/Frameworks";
				PRODUCT_BUNDLE_IDENTIFIER = hp.com.InteractiveContent;
				PRODUCT_NAME = "$(TARGET_NAME)";
				TARGETED_DEVICE_FAMILY = "1,2";
			};
			name = Debug;
		};
		616B72C81FF8AF3800C942C0 /* Release */ = {
			isa = XCBuildConfiguration;
			buildSettings = {
				ASSETCATALOG_COMPILER_APPICON_NAME = AppIcon;
				CODE_SIGN_STYLE = Automatic;
				DEVELOPMENT_TEAM = RDX7MBKEQ8;
				INFOPLIST_FILE = InteractiveContent/Info.plist;
				LD_RUNPATH_SEARCH_PATHS = "$(inherited) @executable_path/Frameworks";
				PRODUCT_BUNDLE_IDENTIFIER = hp.com.InteractiveContent;
				PRODUCT_NAME = "$(TARGET_NAME)";
				TARGETED_DEVICE_FAMILY = "1,2";
			};
			name = Release;
		};
/* End XCBuildConfiguration section */

/* Begin XCConfigurationList section */
		616B72AB1FF8AF3800C942C0 /* Build configuration list for PBXProject "InteractiveContent" */ = {
			isa = XCConfigurationList;
			buildConfigurations = (
				616B72C41FF8AF3800C942C0 /* Debug */,
				616B72C51FF8AF3800C942C0 /* Release */,
			);
			defaultConfigurationIsVisible = 0;
			defaultConfigurationName = Release;
		};
		616B72C61FF8AF3800C942C0 /* Build configuration list for PBXNativeTarget "InteractiveContent" */ = {
			isa = XCConfigurationList;
			buildConfigurations = (
				616B72C71FF8AF3800C942C0 /* Debug */,
				616B72C81FF8AF3800C942C0 /* Release */,
			);
			defaultConfigurationIsVisible = 0;
			defaultConfigurationName = Release;
		};
/* End XCConfigurationList section */
	};
	rootObject = 616B72A81FF8AF3800C942C0 /* Project object */;
}
